cirello.io/dynamolock/v2 v2.0.3 h1:1v6BSRa3ov/ytEX8hFtY9yMstFQEnMsj9s8+jCXFDxg=
cirello.io/dynamolock/v2 v2.0.3/go.mod h1:0GKOMMD//uxSPfZk/uxgquAI7C5FvGI5AL8B6cEVvLE=
github.com/JohnCGriffin/overflow v0.0.0-20211019200055-46fa312c352c h1:RGWPOewvKIROun94nF7v2cua9qP+thov/7M50KEoeSU=
github.com/JohnCGriffin/overflow v0.0.0-20211019200055-46fa312c352c/go.mod h1:X0CRv0ky0k6m906ixxpzmDRLvX58TFUKS2eePweuyxk=
github.com/andybalholm/brotli v1.0.5 h1:8uQZIdzKmjc/iuPu7O2ioW48L81FgatrcpfFmiq/cCs=
github.com/andybalholm/brotli v1.0.5/go.mod h1:fO7iG3H7G2nSZ7m0zPUDn85XEX2GTukHGRSepvi9Eig=
github.com/apache/arrow/go/v14 v14.0.2 h1:N8OkaJEOfI3mEZt07BIkvo4sC6XDbL+48MBPWO5IONw=
github.com/apache/arrow/go/v14 v14.0.2/go.mod h1:u3fgh3EdgN/YQ8cVQRguVW3R+seMybFg8QBQ5LU+eBY=
github.com/apache/thrift v0.18.1 h1:lNhK/1nqjbwbiOPDBPFJVKxgDEGSepKuTh6OLiXW8kg=
github.com/apache/thrift v0.18.1/go.mod h1:rdQn/dCcDKEWjjylUeueum4vQEjG2v8v2PqriUnbr+I=
github.com/aws/aws-sdk-go-v2 v1.21.2/go.mod h1:ErQhvNuEMhJjweavOYhxVkn2RUx7kQXVATHrjKtxIpM=
github.com/aws/aws-sdk-go-v2 v1.32.5 h1:U8vdWJuY7ruAkzaOdD7guwJjD06YSKmnKCJs7s3IkIo=
github.com/aws/aws-sdk-go-v2 v1.32.5/go.mod h1:P5WJBrYqqbWVaOxgH0X/FYYD47/nooaPOZPlQdmiN2U=
github.com/aws/aws-sdk-go-v2/aws/protocol/eventstream v1.6.7 h1:lL7IfaFzngfx0ZwUGOZdsFFnQ5uLvR0hWqqhyE7Q9M8=
github.com/aws/aws-sdk-go-v2/aws/protocol/eventstream v1.6.7/go.mod h1:QraP0UcVlQJsmHfioCrveWOC1nbiWUl3ej08h4mXWoc=
github.com/aws/aws-sdk-go-v2/credentials v1.16.13 h1:WLABQ4Cp4vXtXfOWOS3MEZKr6AAYUpMczLhgKtAjQ/8=
github.com/aws/aws-sdk-go-v2/credentials v1.16.13/go.mod h1:Qg6x82FXwW0sJHzYruxGiuApNo31UEtJvXVSZAXeWiw=
github.com/aws/aws-sdk-go-v2/feature/dynamodb/attributevalue v1.10.43 h1:jlR1Rwjb3z5d1p0sqhNcuCaqdp73H+1O/X8Lc2kBDrY=
github.com/aws/aws-sdk-go-v2/feature/dynamodb/attributevalue v1.10.43/go.mod h1:X1HGecFASboCkBt1GJRM4a/FDYYogu9AciUoXVsbr4U=
github.com/aws/aws-sdk-go-v2/feature/dynamodb/expression v1.4.71 h1:nLwQrLSBpcZq3MtpTUcpBqPwKL5V/uO/iuYMU+STv68=
github.com/aws/aws-sdk-go-v2/feature/dynamodb/expression v1.4.71/go.mod h1:Vjebi0MUXOcsV9YCE2Jxqrqq3FchwyIMbaIzm5NmrKw=
github.com/aws/aws-sdk-go-v2/internal/configsources v1.1.43/go.mod h1:auo+PiyLl0n1l8A0e8RIeR8tOzYPfZZH/JNlrJ8igTQ=
github.com/aws/aws-sdk-go-v2/internal/configsources v1.3.24 h1:4usbeaes3yJnCFC7kfeyhkdkPtoRYPa/hTmCqMpKpLI=
github.com/aws/aws-sdk-go-v2/internal/configsources v1.3.24/go.mod h1:5CI1JemjVwde8m2WG3cz23qHKPOxbpkq0HaoreEgLIY=
github.com/aws/aws-sdk-go-v2/internal/endpoints/v2 v2.4.37/go.mod h1:Qe+2KtKml+FEsQF/DHmDV+xjtche/hwoF75EG4UlHW8=
github.com/aws/aws-sdk-go-v2/internal/endpoints/v2 v2.6.24 h1:N1zsICrQglfzaBnrfM0Ys00860C+QFwu6u/5+LomP+o=
github.com/aws/aws-sdk-go-v2/internal/endpoints/v2 v2.6.24/go.mod h1:dCn9HbJ8+K31i8IQ8EWmWj0EiIk0+vKiHNMxTTYveAg=
github.com/aws/aws-sdk-go-v2/internal/v4a v1.3.24 h1:JX70yGKLj25+lMC5Yyh8wBtvB01GDilyRuJvXJ4piD0=
github.com/aws/aws-sdk-go-v2/internal/v4a v1.3.24/go.mod h1:+Ln60j9SUTD0LEwnhEB0Xhg61DHqplBrbZpLgyjoEHg=
github.com/aws/aws-sdk-go-v2/service/dynamodb v1.23.0/go.mod h1:1HkLh8vaL4obF95fne7ZOu7sxomS/+vkBt3/+gqqwE4=
github.com/aws/aws-sdk-go-v2/service/dynamodb v1.34.6 h1:LKZuRTlh8RszjuWcUwEDvCGwjx5olHPp6ZOepyZV5p8=
github.com/aws/aws-sdk-go-v2/service/dynamodb v1.34.6/go.mod h1:s2fYaueBuCnwv1XQn6T8TfShxJWusv5tWPMcL+GY6+g=
github.com/aws/aws-sdk-go-v2/service/dynamodbstreams v1.15.7 h1:WCeS9WZbIqEKCbgIkrHB5jw/9mO2QMYTLPF8wee3v4Y=
github.com/aws/aws-sdk-go-v2/service/dynamodbstreams v1.15.7/go.mod h1:uT1paW42RVCVEoAEbWKu98gEI0GMBWUsT/H+pI4ODJQ=
github.com/aws/aws-sdk-go-v2/service/internal/accept-encoding v1.9.15/go.mod h1:26SQUPcTNgV1Tapwdt4a1rOsYRsnBsJHLMPoxK2b0d8=
github.com/aws/aws-sdk-go-v2/service/internal/accept-encoding v1.12.1 h1:iXtILhvDxB6kPvEXgsDhGaZCSC6LQET5ZHSdJozeI0Y=
github.com/aws/aws-sdk-go-v2/service/internal/accept-encoding v1.12.1/go.mod h1:9nu0fVANtYiAePIBh2/pFUSwtJ402hLnp854CNoDOeE=
github.com/aws/aws-sdk-go-v2/service/internal/checksum v1.4.5 h1:gvZOjQKPxFXy1ft3QnEyXmT+IqneM9QAUWlM3r0mfqw=
github.com/aws/aws-sdk-go-v2/service/internal/checksum v1.4.5/go.mod h1:DLWnfvIcm9IET/mmjdxeXbBKmTCm0ZB8p1za9BVteM8=
github.com/aws/aws-sdk-go-v2/service/internal/endpoint-discovery v1.7.37/go.mod h1:7xBUZyP6LeLc+5Ym9PG7atqw4sR28sBtYcHETik+bPE=
github.com/aws/aws-sdk-go-v2/service/internal/endpoint-discovery v1.9.17 h1:HDJGz1jlV7RokVgTPfx1UHBHANC0N5Uk++xgyYgz5E0=
github.com/aws/aws-sdk-go-v2/service/internal/endpoint-discovery v1.9.17/go.mod h1:5szDu6TWdRDytfDxUQVv2OYfpTQMKApVFyqpm+TcA98=
github.com/aws/aws-sdk-go-v2/service/internal/presigned-url v1.12.5 h1:wtpJ4zcwrSbwhECWQoI/g6WM9zqCcSpHDJIWSbMLOu4=
github.com/aws/aws-sdk-go-v2/service/internal/presigned-url v1.12.5/go.mod h1:qu/W9HXQbbQ4+1+JcZp0ZNPV31ym537ZJN+fiS7Ti8E=
github.com/aws/aws-sdk-go-v2/service/internal/s3shared v1.18.5 h1:P1doBzv5VEg1ONxnJss1Kh5ZG/ewoIE4MQtKKc6Crgg=
github.com/aws/aws-sdk-go-v2/service/internal/s3shared v1.18.5/go.mod h1:NOP+euMW7W3Ukt28tAxPuoWao4rhhqJD3QEBk7oCg7w=
github.com/aws/aws-sdk-go-v2/service/s3 v1.67.1 h1:LXLnDfjT/P6SPIaCE86xCOjJROPn4FNB2EdN68vMK5c=
github.com/aws/aws-sdk-go-v2/service/s3 v1.67.1/go.mod h1:ralv4XawHjEMaHOWnTFushl0WRqim/gQWesAMF6hTow=
github.com/aws/smithy-go v1.15.0/go.mod h1:Tg+OJXh4MB2R/uN61Ko2f6hTZwB/ZYGOtib8J3gBHzA=
github.com/aws/smithy-go v1.22.1 h1:/HPHZQ0g7f4eUeK6HKglFz8uwVfZKgoI25rb/J+dnro=
github.com/aws/smithy-go v1.22.1/go.mod h1:irrKGvNn1InZwb2d7fkIRNucdfwR8R+Ts3wxYa/cJHg=
github.com/bsm/ginkgo/v2 v2.12.0 h1:Ny8MWAHyOepLGlLKYmXG4IEkioBysk6GpaRTLC8zwWs=
github.com/bsm/ginkgo/v2 v2.12.0/go.mod h1:SwYbGRRDovPVboqFv0tPTcG1sN61LM1Z4ARdbAV9g4c=
github.com/bsm/gomega v1.27.10 h1:yeMWxP2pV2fG3FgAODIY8EiRE3dy0aeFYt4l7wh6yKA=
github.com/bsm/gomega v1.27.10/go.mod h1:JyEr/xRbxbtgWNi8tIEVPUYZ5Dzef52k01W3YH0H+O0=
github.com/cespare/xxhash/v2 v2.2.0 h1:DC2CZ1Ep5Y4k3ZQ899DldepgrayRUGE6BBZ/cd9Cj44=
github.com/cespare/xxhash/v2 v2.2.0/go.mod h1:VGX0DQ3Q6kWi7AoAeZDth3/j3BFtOZR5XLFGgcrjCOs=
github.com/chelseajonesr/rfarrow v0.0.0-20231215213447-d2f3e7b72c3b h1:p3vUxo4SJcLovGLCQ8FCIFj3D4Y84KIWePR/qSu502A=
github.com/chelseajonesr/rfarrow v0.0.0-20231215213447-d2f3e7b72c3b/go.mod h1:vIhj7UGy1nwp4799c4XJgMRBVJ4F2ytcifjDKiXUMQI=
github.com/creack/pty v1.1.9/go.mod h1:oKZEueFk5CKHvIhNR5MUki03XCEU+Q6VDXinZuGJ33E=
github.com/davecgh/go-spew v1.1.0/go.mod h1:J7Y8YcW2NihsgmVo/mv3lAwl/skON4iLHjSsI+c5H38=
github.com/davecgh/go-spew v1.1.1 h1:vj9j/u1bqnvCEfJOwUhtlOARqs3+rkHYY13jYWTU97c=
github.com/davecgh/go-spew v1.1.1/go.mod h1:J7Y8YcW2NihsgmVo/mv3lAwl/skON4iLHjSsI+c5H38=
github.com/dgryski/go-rendezvous v0.0.0-20200823014737-9f7001d12a5f h1:lO4WD4F/rVNCu3HqELle0jiPLLBs70cWOduZpkS1E78=
github.com/dgryski/go-rendezvous v0.0.0-20200823014737-9f7001d12a5f/go.mod h1:cuUVRXasLTGF7a8hSLbxyZXjz+1KgoB3wDUb6vlszIc=
github.com/go-redis/redis v6.15.9+incompatible h1:K0pv1D7EQUjfyoMql+r/jZqCLizCGKFlFgcHWWmHQjg=
github.com/go-redis/redis v6.15.9+incompatible/go.mod h1:NAIEuMOZ/fxfXJIrKDQDz8wamY7mA7PouImQ2Jvg6kA=
github.com/go-redis/redis/v7 v7.4.0 h1:7obg6wUoj05T0EpY0o8B59S9w5yeMWql7sw2kwNW1x4=
github.com/go-redis/redis/v7 v7.4.0/go.mod h1:JDNMw23GTyLNC4GZu9njt15ctBQVn7xjRfnwdHj/Dcg=
github.com/go-redis/redis/v8 v8.11.4 h1:kHoYkfZP6+pe04aFTnhDH6GDROa5yJdHJVNxV3F46Tg=
github.com/go-redis/redis/v8 v8.11.4/go.mod h1:2Z2wHZXdQpCDXEGzqMockDpNyYvi2l4Pxt6RJr792+w=
github.com/go-redsync/redsync/v4 v4.12.1 h1:hCtdZ45DJxMxNdPiby5GlQwOKQmcka2587Y466qPqlA=
github.com/go-redsync/redsync/v4 v4.12.1/go.mod h1:sn72ojgeEhxUuRjrliK0NRrB0Zl6kOZ3BDvNN3P2jAY=
github.com/goccy/go-json v0.10.2 h1:CrxCmQqYDkv1z7lO7Wbh2HN93uovUHgrECaO5ZrCXAU=
github.com/goccy/go-json v0.10.2/go.mod h1:6MelG93GURQebXPDq3khkgXZkazVtN9CRI+MGFi0w8I=
github.com/gofrs/flock v0.8.1 h1:+gYjHKf32LDeiEEFhQaotPbLuUXjY5ZqxKgXy7n59aw=
github.com/gofrs/flock v0.8.1/go.mod h1:F1TvTiK9OcQqauNUHlbJvyl9Qa1QvF/gOUDKA14jxHU=
github.com/golang/protobuf v1.5.0/go.mod h1:FsONVRAS9T7sI+LIUmWTfcYkHO4aIWwzhcaSAoJOfIk=
github.com/golang/protobuf v1.5.3 h1:KhyjKVUg7Usr/dYsdSqoFveMYd5ko72D+zANwlG1mmg=
github.com/golang/protobuf v1.5.3/go.mod h1:XVQd3VNwM+JqD3oG2Ue2ip4fOMUkwXdXDdiuN0vRsmY=
github.com/golang/snappy v0.0.4 h1:yAGX7huGHXlcLOEtBnF4w7FQwA26wojNCwOYAEhLjQM=
github.com/golang/snappy v0.0.4/go.mod h1:/XxbfmMg8lxefKM7IXC3fBNl/7bRcc72aCRzEWrmP2Q=
github.com/gomodule/redigo v1.8.9 h1:Sl3u+2BI/kk+VEatbj0scLdrFhjPmbxOc1myhDP41ws=
github.com/gomodule/redigo v1.8.9/go.mod h1:7ArFNvsTjH8GMMzB4uy1snslv2BwmginuMs06a1uzZE=
github.com/google/flatbuffers v23.5.26+incompatible h1:M9dgRyhJemaM4Sw8+66GHBu8ioaQmyPLg1b8VwK5WJg=
github.com/google/flatbuffers v23.5.26+incompatible/go.mod h1:1AeVuKshWv4vARoZatz6mlQ0JxURH0Kv5+zNeJKJCa8=
github.com/google/go-cmp v0.5.5/go.mod h1:v8dTdLbMG2kIc/vJvl+f65V22dbkXbowE6jgT/gNBxE=
github.com/google/go-cmp v0.5.8/go.mod h1:17dUlkBOakJ0+DkrSSNjCkIjxS6bF9zb3elmeNGIjoY=
github.com/google/go-cmp v0.6.0 h1:ofyhxvXcZhMsU5ulbFiLKl/XBFqE1GSq7atu8tAmTRI=
github.com/google/go-cmp v0.6.0/go.mod h1:17dUlkBOakJ0+DkrSSNjCkIjxS6bF9zb3elmeNGIjoY=
github.com/google/uuid v1.6.0 h1:NIvaJDMOsjHA8n1jAhLSgzrAzy1Hgr+hNrb57e+94F0=
github.com/google/uuid v1.6.0/go.mod h1:TIyPZe4MgqvfeYDBFedMoGGpEw/LqOeaOT+nhxU+yHo=
github.com/hashicorp/errwrap v1.0.0/go.mod h1:YH+1FKiLXxHSkmPseP+kNlulaMuP3n2brvKWEqk/Jc4=
github.com/hashicorp/errwrap v1.1.0 h1:OxrOeh75EUXMY8TBjag2fzXGZ40LB6IKw45YeGUDY2I=
github.com/hashicorp/errwrap v1.1.0/go.mod h1:YH+1FKiLXxHSkmPseP+kNlulaMuP3n2brvKWEqk/Jc4=
github.com/hashicorp/go-multierror v1.1.1 h1:H5DkEtf6CXdFp0N0Em5UCwQpXMWke8IA0+lD48awMYo=
github.com/hashicorp/go-multierror v1.1.1/go.mod h1:iw975J/qwKPdAO1clOe2L8331t/9/fmwbPZ6JB6eMoM=
github.com/iancoleman/strcase v0.3.0 h1:nTXanmYxhfFAMjZL34Ov6gkzEsSJZ5DbhxWjvSASxEI=
github.com/iancoleman/strcase v0.3.0/go.mod h1:iwCmte+B7n89clKwxIoIXy/HfoL7AsD47ZCWhYzw7ho=
github.com/jmespath/go-jmespath v0.4.0 h1:BEgLn5cpjn8UN1mAw4NjwDrS35OdebyEtFe+9YPoQUg=
github.com/jmespath/go-jmespath v0.4.0/go.mod h1:T8mJZnbsbmF+m6zOOFylbeCJqk5+pHWvzYPziyZiYoo=
github.com/jmespath/go-jmespath/internal/testify v1.5.1 h1:shLQSRRSCCPj3f2gpwzGwWFoC7ycTf1rcQZHOlsJ6N8=
github.com/jmespath/go-jmespath/internal/testify v1.5.1/go.mod h1:L3OGu8Wl2/fWfCI6z80xFu9LTZmf1ZRjMHUOPmWr69U=
github.com/klauspost/asmfmt v1.3.2 h1:4Ri7ox3EwapiOjCki+hw14RyKk201CN4rzyCJRFLpK4=
github.com/klauspost/asmfmt v1.3.2/go.mod h1:AG8TuvYojzulgDAMCnYn50l/5QV3Bs/tp6j0HLHbNSE=
github.com/klauspost/compress v1.16.7 h1:2mk3MPGNzKyxErAw8YaohYh69+pa4sIQSC0fPGCFR9I=
github.com/klauspost/compress v1.16.7/go.mod h1:ntbaceVETuRiXiv4DpjP66DpAtAGkEQskQzEyD//IeE=
github.com/klauspost/cpuid/v2 v2.2.5 h1:0E5MSMDEoAulmXNFquVs//DdoomxaoTY1kUhbc/qbZg=
github.com/klauspost/cpuid/v2 v2.2.5/go.mod h1:Lcz8mBdAVJIBVzewtcLocK12l3Y+JytZYpaMropDUws=
github.com/kr/pretty v0.2.1/go.mod h1:ipq/a2n7PKx3OHsz4KJII5eveXtPO4qwEXGdVfWzfnI=
github.com/kr/pretty v0.3.1 h1:flRD4NNwYAUpkphVc1HcthR4KEIFJ65n8Mw5qdRn3LE=
github.com/kr/pretty v0.3.1/go.mod h1:hoEshYVHaxMs3cyo3Yncou5ZscifuDolrwPKZanG3xk=
github.com/kr/pty v1.1.1/go.mod h1:pFQYn66WHrOpPYNljwOMqo10TkYh1fy3cYio2l3bCsQ=
github.com/kr/text v0.1.0/go.mod h1:4Jbv+DJW3UT/LiOwJeYQe1efqtUx/iVham/4vfdArNI=
github.com/kr/text v0.2.0 h1:5Nx0Ya0ZqY2ygV366QzturHI13Jq95ApcVaJBhpS+AY=
github.com/kr/text v0.2.0/go.mod h1:eLer722TekiGuMkidMxC/pM04lWEeraHUUmBw8l2grE=
github.com/minio/asm2plan9s v0.0.0-20200509001527-cdd76441f9d8 h1:AMFGa4R4MiIpspGNG7Z948v4n35fFGB3RR3G/ry4FWs=
github.com/minio/asm2plan9s v0.0.0-20200509001527-cdd76441f9d8/go.mod h1:mC1jAcsrzbxHt8iiaC+zU4b1ylILSosueou12R++wfY=
github.com/minio/c2goasm v0.0.0-20190812172519-36a3d3bbc4f3 h1:+n/aFZefKZp7spd8DFdX7uMikMLXX4oubIzJF4kv/wI=
github.com/minio/c2goasm v0.0.0-20190812172519-36a3d3bbc4f3/go.mod h1:RagcQ7I8IeTMnF8JTXieKnO4Z6JCsikNEzj0DwauVzE=
github.com/orcaman/concurrent-map/v2 v2.0.1 h1:jOJ5Pg2w1oeB6PeDurIYf6k9PQ+aTITr/6lP/L/zp6c=
github.com/orcaman/concurrent-map/v2 v2.0.1/go.mod h1:9Eq3TG2oBe5FirmYWQfYO5iH1q0Jv47PLaNK++uCdOM=
github.com/pierrec/lz4/v4 v4.1.18 h1:xaKrnTkyoqfh1YItXl56+6KJNVYWlEEPuAQW9xsplYQ=
github.com/pierrec/lz4/v4 v4.1.18/go.mod h1:gZWDp/Ze/IJXGXf23ltt2EXimqmTUXEy0GFuRQyBid4=
github.com/pkg/diff v0.0.0-20210226163009-20ebb0f2a09e/go.mod h1:pJLUxLENpZxwdsKMEsNbx1VGcRFpLqf3715MtcvvzbA=
github.com/pmezard/go-difflib v1.0.0 h1:4DBwDE0NGyQoBHbLQYPwSUPoCMWR5BEzIk/f1lZbAQM=
github.com/pmezard/go-difflib v1.0.0/go.mod h1:iKH77koFhYxTK1pcRnkKkqfTogsbg7gZNVY4sRDYZ/4=
github.com/redis/go-redis/v9 v9.6.1 h1:HHDteefn6ZkTtY5fGUE8tj8uy85AHk6zP7CpzIAM0y4=
github.com/redis/go-redis/v9 v9.6.1/go.mod h1:0C0c6ycQsdpVNQpxb1njEQIqkx5UcsM8FJCQLgE9+RA=
github.com/redis/rueidis v1.0.19 h1:s65oWtotzlIFN8eMPhyYwxlwLR1lUdhza2KtWprKYSo=
github.com/redis/rueidis v1.0.19/go.mod h1:8B+r5wdnjwK3lTFml5VtxjzGOQAC+5UmujoD12pDrEo=
github.com/rogpeppe/go-internal v1.9.0 h1:73kH8U+JUqXU8lRuOHeVHaa/SZPifC7BkcraZVejAe8=
github.com/rogpeppe/go-internal v1.9.0/go.mod h1:WtVeX8xhTBvf0smdhujwtBcq4Qrzq/fJaraNFVN+nFs=
github.com/sirupsen/logrus v1.9.3 h1:dueUQJ1C2q9oE3F7wvmSGAaVtTmUizReu6fjN8uqzbQ=
github.com/sirupsen/logrus v1.9.3/go.mod h1:naHLuLoDiP4jHNo9R0sCBMtWGeIprob74mVsIT4qYEQ=
github.com/stretchr/objx v0.1.0/go.mod h1:HFkY916IF+rwdDfMAkV7OtwuqBVzrE8GR6GFx+wExME=
github.com/stretchr/objx v0.5.0 h1:1zr/of2m5FGMsad5YfcqgdqdWrIhu+EBEJRhR1U7z/c=
github.com/stretchr/objx v0.5.0/go.mod h1:Yh+to48EsGEfYuaHDzXPcE3xhTkx73EhmCGUpEOglKo=
github.com/stretchr/testify v1.7.0/go.mod h1:6Fq8oRcR53rry900zMqJjRRixrwX3KX962/h/Wwjteg=
github.com/stretchr/testify v1.8.4 h1:CcVxjf3Q8PM0mHUKJCdn+eZZtm5yQwehR5yeSVQQcUk=
github.com/stretchr/testify v1.8.4/go.mod h1:sz/lmYIOXD/1dqDmKjjqLyZ2RngseejIcXlSw2iwfAo=
github.com/stvp/tempredis v0.0.0-20181119212430-b82af8480203 h1:QVqDTf3h2WHt08YuiTGPZLls0Wq99X9bWd0Q5ZSBesM=
github.com/stvp/tempredis v0.0.0-20181119212430-b82af8480203/go.mod h1:oqN97ltKNihBbwlX8dLpwxCl3+HnXKV/R0e+sRLd9C8=
github.com/zeebo/assert v1.3.0 h1:g7C04CbJuIDKNPFHmsk4hwZDO5O+kntRxzaUoNXj+IQ=
github.com/zeebo/assert v1.3.0/go.mod h1:Pq9JiuJQpG8JLJdtkwrJESF0Foym2/D9XMU5ciN/wJ0=
github.com/zeebo/xxh3 v1.0.2 h1:xZmwmqxHZA8AI603jOQ0tMqmBr9lPeFwGg6d+xy9DC0=
github.com/zeebo/xxh3 v1.0.2/go.mod h1:5NWz9Sef7zIDm2JHfFlcQvNekmcEl9ekUZQQKCYaDcA=
golang.org/x/exp v0.0.0-20231006140011-7918f672742d h1:jtJma62tbqLibJ5sFQz8bKtEM8rJBtfilJ2qTU199MI=
golang.org/x/exp v0.0.0-20231006140011-7918f672742d/go.mod h1:ldy0pHrwJyGW56pPQzzkH36rKxoZW1tw7ZJpeKx+hdo=
golang.org/x/mod v0.13.0 h1:I/DsJXRlw/8l/0c24sM9yb0T4z9liZTduXvdAWYiysY=
golang.org/x/mod v0.13.0/go.mod h1:hTbmBsO62+eylJbnUtE2MGJUyE7QWk4xUqPFrRgJ+7c=
golang.org/x/net v0.23.0 h1:7EYJ93RZ9vYSZAIb2x3lnuvqO5zneoD6IvWjuhfxjTs=
golang.org/x/net v0.23.0/go.mod h1:JKghWKKOSdJwpW2GEx0Ja7fmaKnMsbu+MWVZTokSYmg=
golang.org/x/sync v0.8.0 h1:3NFvSEYkUoMifnESzZl15y791HH1qU2xm6eCJU5ZPXQ=
golang.org/x/sync v0.8.0/go.mod h1:Czt+wKu1gCyEFDUtn0jG5QVvpJ6rzVqr5aXyt9drQfk=
golang.org/x/sys v0.0.0-20220715151400-c0bba94af5f8/go.mod h1:oPkhp1MJrh7nUepCBck5+mAzfO9JrbApNNgaTdGDITg=
golang.org/x/sys v0.5.0/go.mod h1:oPkhp1MJrh7nUepCBck5+mAzfO9JrbApNNgaTdGDITg=
golang.org/x/sys v0.18.0 h1:DBdB3niSjOA/O0blCZBqDefyWNYveAYMNF1Wum0DYQ4=
golang.org/x/sys v0.18.0/go.mod h1:/VUhepiaJMQUp4+oa/7Zr1D23ma6VTLIYjOOTFZPUcA=
golang.org/x/text v0.14.0 h1:ScX5w1eTa3QqT8oi6+ziP7dTV1S2+ALU0bI+0zXKWiQ=
golang.org/x/text v0.14.0/go.mod h1:18ZOQIKpY8NJVqYksKHtTdi31H5itFRjB5/qKTNYzSU=
golang.org/x/tools v0.14.0 h1:jvNa2pY0M4r62jkRQ6RwEZZyPcymeL9XZMLBbV7U2nc=
golang.org/x/tools v0.14.0/go.mod h1:uYBEerGOWcJyEORxN+Ek8+TT266gXkNlHdJBwexUsBg=
golang.org/x/xerrors v0.0.0-20191204190536-9bdfabe68543/go.mod h1:I/5z698sn9Ka8TeJc9MKroUUfqBBauWjQqLJ2OPfmY0=
golang.org/x/xerrors v0.0.0-20220907171357-04be3eba64a2 h1:H2TDz8ibqkAF6YGhCdN3jS9O0/s90v0rJh3X/OLHEUk=
golang.org/x/xerrors v0.0.0-20220907171357-04be3eba64a2/go.mod h1:K8+ghG5WaK9qNqU5K3HdILfMLy1f3aNYFI/wnl100a8=
gonum.org/v1/gonum v0.12.0 h1:xKuo6hzt+gMav00meVPUlXwSdoEJP46BR+wdxQEFK2o=
gonum.org/v1/gonum v0.12.0/go.mod h1:73TDxJfAAHeA8Mk9mf8NlIppyhQNo5GLTcYeqgo2lvY=
google.golang.org/genproto/googleapis/rpc v0.0.0-20231002182017-d307bd883b97 h1:6GQBEOdGkX6MMTLT9V+TjtIRZCw9VPD5Z+yHY9wMgS0=
google.golang.org/genproto/googleapis/rpc v0.0.0-20231002182017-d307bd883b97/go.mod h1:v7nGkzlmW8P3n/bKmWBn2WpBjpOEx8Q6gMueudAmKfY=
google.golang.org/grpc v1.58.3 h1:BjnpXut1btbtgN/6sp+brB2Kbm2LjNXnidYujAVbSoQ=
google.golang.org/grpc v1.58.3/go.mod h1:tgX3ZQDlNJGU96V6yHh1T/JeoBQ2TXdr43YbYSsCJk0=
google.golang.org/protobuf v1.26.0-rc.1/go.mod h1:jlhhOSvTdKEhbULTjvd4ARK9grFBp09yW+WbY/TyQbw=
google.golang.org/protobuf v1.26.0/go.mod h1:9q0QmTI4eRPtz6boOQmLYwt+qCgq0jsYwAQnmE0givc=
google.golang.org/protobuf v1.33.0 h1:uNO2rsAINq/JlFpSdYEKIZ0uKD/R9cpdv0T+yoGwGmI=
google.golang.org/protobuf v1.33.0/go.mod h1:c6P6GXX6sHbq/GpV6MGZEdwhWPcYBgnhAHhKbcUYpos=
gopkg.in/check.v1 v0.0.0-20161208181325-20d25e280405/go.mod h1:Co6ibVJAznAaIkqp8huTwlJQCZ016jof/cbN4VW5Yz0=
gopkg.in/check.v1 v1.0.0-20201130134442-10cb98267c6c h1:Hei/4ADfdWqJk1ZMxUNpqntNwaWcugrBjAiHlqqRiVk=
gopkg.in/check.v1 v1.0.0-20201130134442-10cb98267c6c/go.mod h1:JHkPIbrfpd72SG/EVd6muEfDQjcINNoR0C8j2r3qZ4Q=
gopkg.in/yaml.v2 v2.2.8/go.mod h1:hI93XBmqTisBFMUTm0b8Fm+jr3Dg1NNxqwp+5A1VGuI=
gopkg.in/yaml.v2 v2.4.0 h1:D8xgwECY7CYvx+Y2n4sBz93Jn9JRvxdiyyo8CTfuKaY=
gopkg.in/yaml.v2 v2.4.0/go.mod h1:RDklbk79AGWmwhnvt/jBztapEOGDOx6ZbXqjP6csGnQ=
gopkg.in/yaml.v3 v3.0.0-20200313102051-9f266ea9e77c/go.mod h1:K4uyk7z7BCEPqu6E+C64Yfv1cQ7kz7rIZviUmN+EgEM=
gopkg.in/yaml.v3 v3.0.1 h1:fxVm/GzAzEWqLHuvctI91KS9hhNmmWOoWu0XTYJS7CA=
gopkg.in/yaml.v3 v3.0.1/go.mod h1:K4uyk7z7BCEPqu6E+C64Yfv1cQ7kz7rIZviUmN+EgEM=
